schema: '2.0'
stages:
  ingestion:
    cmd: python src/data_ingestion.py
    deps:
    - path: data/movies_metadata.csv
      hash: md5
      md5: 0b4649bd902b000d08e98a2396f1d98d
      size: 34490671
    - path: src/data_ingestion.py
      hash: md5
      md5: 4c0ee98300033880d9c3544c5030e0b6
      size: 1226
    outs:
    - path: artifacts/raw/raw_data.csv
      hash: md5
      md5: 6380a83861d70fcd04b3396b4cb2bf98
      size: 34672582
  validation:
    cmd: python src/data_validation.py
    deps:
    - path: artifacts/raw/raw_data.csv
      hash: md5
      md5: 6380a83861d70fcd04b3396b4cb2bf98
      size: 34672582
    - path: src/data_validation.py
      hash: md5
      md5: fbb3f697a98f505a322af75ea5b702ba
      size: 2966
    outs:
    - path: artifacts/validation/status.txt
      hash: md5
      md5: f984b0cb824814f3a10f12ef7b5d4a71
      size: 505
  preprocessing:
    cmd: python src/data_preprocessing.py
    deps:
    - path: artifacts/raw/raw_data.csv
      hash: md5
      md5: 6380a83861d70fcd04b3396b4cb2bf98
      size: 34672582
    - path: src/data_preprocessing.py
      hash: md5
      md5: fbe7e155630fda1854cb6facd2bc6ffe
      size: 2568
    outs:
    - path: artifacts/processed/cleaned_data.csv
      hash: md5
      md5: b476b42a88709d6b8bc703b28a021dd7
      size: 4827749
  feature_engineering:
    cmd: python src/feature_engineering.py
    deps:
    - path: artifacts/processed/cleaned_data.csv
      hash: md5
      md5: b476b42a88709d6b8bc703b28a021dd7
      size: 4827749
    - path: src/feature_engineering.py
      hash: md5
      md5: 5aed0cc3a61e402c9a327d017c7adee3
      size: 2352
    outs:
    - path: artifacts/featured/featured_data.csv
      hash: md5
      md5: e45f4ba3f00437f7083e1d6240e5cb47
      size: 1784461
  feature_store:
    cmd: python src/feature_store.py
    deps:
    - path: artifacts/featured/featured_data.csv
      hash: md5
      md5: e45f4ba3f00437f7083e1d6240e5cb47
      size: 1784461
    - path: src/feature_store.py
      hash: md5
      md5: 787eb866b3f940498f55f6c00b9ab5d8
      size: 664
    outs:
    - path: artifacts/feature_store/features.csv
      hash: md5
      md5: e45f4ba3f00437f7083e1d6240e5cb47
      size: 1784461
  split:
    cmd: python src/train_test_split.py
    deps:
    - path: artifacts/feature_store/features.csv
      hash: md5
      md5: e45f4ba3f00437f7083e1d6240e5cb47
      size: 1784461
    - path: src/train_test_split.py
      hash: md5
      md5: 5ad97e2499df7d446b48711dd684d44d
      size: 1697
    params:
      params.yaml:
        data_split.random_state: 42
        data_split.test_size: 0.2
        training.target_column: revenue
    outs:
    - path: artifacts/split
      hash: md5
      md5: a6ec92f42ec46425badbc471f16515c0.dir
      size: 1829963
      nfiles: 4
